
Microsoft Visual Studio Solution File, Format Version 12.00
# Visual Studio Version 17
VisualStudioVersion = 17.6.33801.468
MinimumVisualStudioVersion = 10.0.40219.1
Project("{9A19103F-16F7-4668-BE54-9A1E7A4F7556}") = "PawelCarSharing", "PawelCarSharing\PawelCarSharing.csproj", "{B7A1F931-44F0-49EF-962C-DA97818814F9}"
EndProject
Global
	GlobalSection(SolutionConfigurationPlatforms) = preSolution
		Debug|Any CPU = Debug|Any CPU
		Release|Any CPU = Release|Any CPU
	EndGlobalSection
	GlobalSection(ProjectConfigurationPlatforms) = postSolution
		{B7A1F931-44F0-49EF-962C-DA97818814F9}.Debug|Any CPU.ActiveCfg = Debug|Any CPU
		{B7A1F931-44F0-49EF-962C-DA97818814F9}.Debug|Any CPU.Build.0 = Debug|Any CPU
		{B7A1F931-44F0-49EF-962C-DA97818814F9}.Release|Any CPU.ActiveCfg = Release|Any CPU
		{B7A1F931-44F0-49EF-962C-DA97818814F9}.Release|Any CPU.Build.0 = Release|Any CPU
	EndGlobalSection
	GlobalSection(SolutionProperties) = preSolution
		HideSolutionNode = FALSE
	EndGlobalSection
	GlobalSection(ExtensibilityGlobals) = postSolution
		SolutionGuid = {B985937A-48AC-4799-AB6C-4277CEEA8857}
	EndGlobalSection
EndGlobal
